PODS:
  - WeGamersSDK (0.1.0):
    - WeGamersSDK/AuthKit (= 0.1.0)
    - WeGamersSDK/CommunityKit (= 0.1.0)
    - WeGamersSDK/GameLiveKit (= 0.1.0)
    - WeGamersSDK/GameReplayKit (= 0.1.0)
  - WeGamersSDK/AuthKit (0.1.0)
  - WeGamersSDK/CommunityKit (0.1.0)
  - WeGamersSDK/GameLiveKit (0.1.0)
  - WeGamersSDK/GameReplayKit (0.1.0)

DEPENDENCIES:
  - WeGamersSDK (from `../`)

EXTERNAL SOURCES:
  WeGamersSDK:
    :path: "../"

SPEC CHECKSUMS:
  WeGamersSDK: c3cb6491fa42c139e5f4e9f945f1c26a246df09b

PODFILE CHECKSUM: 951b090f84780f194f17a332be12b24c8c1df5bf

COCOAPODS: 1.6.1
