PODS:
  - WeGamersSDK (0.1.0):
    - WeGamersSDK/Core (= 0.1.0)
  - WeGamersSDK/AuthKit (0.1.0)
  - WeGamersSDK/CommunityKit (0.1.0)
  - WeGamersSDK/Core (0.1.0)
  - WeGamersSDK/GameLiveKit (0.1.0)
  - WeGamersSDK/GameReplayKit (0.1.0)

DEPENDENCIES:
  - WeGamersSDK (from `../`)
  - WeGamersSDK/AuthKit (from `../`)
  - WeGamersSDK/CommunityKit (from `../`)
  - WeGamersSDK/GameLiveKit (from `../`)
  - WeGamersSDK/GameReplayKit (from `../`)

EXTERNAL SOURCES:
  WeGamersSDK:
    :path: "../"

SPEC CHECKSUMS:
  WeGamersSDK: f4c5d65ed5469fafee4606f4429abe57a30616c2

PODFILE CHECKSUM: f3c86c04190d795db5345de4144f59709afdc5bf

COCOAPODS: 1.8.3
